
Microsoft Visual Studio Solution File, Format Version 12.00
# Visual Studio 15
VisualStudioVersion = 15.0.27004.2010
MinimumVisualStudioVersion = 10.0.40219.1
Project("{FAE04EC0-301F-11D3-BF4B-00C04F79EFBC}") = "CookingApp", "CookingApp\CookingApp\CookingApp.csproj", "{6B3D6656-37CA-4401-A80E-031CD1332891}"
EndProject
Project("{FAE04EC0-301F-11D3-BF4B-00C04F79EFBC}") = "CookingApp.Android", "CookingApp\CookingApp.Android\CookingApp.Android.csproj", "{5C27A067-A7A6-4087-A6C7-481F18E26D1A}"
EndProject
Project("{FAE04EC0-301F-11D3-BF4B-00C04F79EFBC}") = "CookingApp.iOS", "CookingApp\CookingApp.iOS\CookingApp.iOS.csproj", "{2692C389-60BD-4B61-8FD0-D10CF19D7444}"
EndProject
Global
	GlobalSection(SolutionConfigurationPlatforms) = preSolution
		Debug|Any CPU = Debug|Any CPU
		Debug|iPhone = Debug|iPhone
		Debug|iPhoneSimulator = Debug|iPhoneSimulator
		Release|Any CPU = Release|Any CPU
		Release|iPhone = Release|iPhone
		Release|iPhoneSimulator = Release|iPhoneSimulator
	EndGlobalSection
	GlobalSection(ProjectConfigurationPlatforms) = postSolution
		{6B3D6656-37CA-4401-A80E-031CD1332891}.Debug|Any CPU.ActiveCfg = Debug|Any CPU
		{6B3D6656-37CA-4401-A80E-031CD1332891}.Debug|Any CPU.Build.0 = Debug|Any CPU
		{6B3D6656-37CA-4401-A80E-031CD1332891}.Debug|iPhone.ActiveCfg = Debug|Any CPU
		{6B3D6656-37CA-4401-A80E-031CD1332891}.Debug|iPhone.Build.0 = Debug|Any CPU
		{6B3D6656-37CA-4401-A80E-031CD1332891}.Debug|iPhoneSimulator.ActiveCfg = Debug|Any CPU
		{6B3D6656-37CA-4401-A80E-031CD1332891}.Debug|iPhoneSimulator.Build.0 = Debug|Any CPU
		{6B3D6656-37CA-4401-A80E-031CD1332891}.Release|Any CPU.ActiveCfg = Release|Any CPU
		{6B3D6656-37CA-4401-A80E-031CD1332891}.Release|Any CPU.Build.0 = Release|Any CPU
		{6B3D6656-37CA-4401-A80E-031CD1332891}.Release|iPhone.ActiveCfg = Release|Any CPU
		{6B3D6656-37CA-4401-A80E-031CD1332891}.Release|iPhone.Build.0 = Release|Any CPU
		{6B3D6656-37CA-4401-A80E-031CD1332891}.Release|iPhoneSimulator.ActiveCfg = Release|Any CPU
		{6B3D6656-37CA-4401-A80E-031CD1332891}.Release|iPhoneSimulator.Build.0 = Release|Any CPU
		{5C27A067-A7A6-4087-A6C7-481F18E26D1A}.Debug|Any CPU.ActiveCfg = Debug|Any CPU
		{5C27A067-A7A6-4087-A6C7-481F18E26D1A}.Debug|Any CPU.Build.0 = Debug|Any CPU
		{5C27A067-A7A6-4087-A6C7-481F18E26D1A}.Debug|Any CPU.Deploy.0 = Debug|Any CPU
		{5C27A067-A7A6-4087-A6C7-481F18E26D1A}.Debug|iPhone.ActiveCfg = Debug|Any CPU
		{5C27A067-A7A6-4087-A6C7-481F18E26D1A}.Debug|iPhone.Build.0 = Debug|Any CPU
		{5C27A067-A7A6-4087-A6C7-481F18E26D1A}.Debug|iPhone.Deploy.0 = Debug|Any CPU
		{5C27A067-A7A6-4087-A6C7-481F18E26D1A}.Debug|iPhoneSimulator.ActiveCfg = Debug|Any CPU
		{5C27A067-A7A6-4087-A6C7-481F18E26D1A}.Debug|iPhoneSimulator.Build.0 = Debug|Any CPU
		{5C27A067-A7A6-4087-A6C7-481F18E26D1A}.Debug|iPhoneSimulator.Deploy.0 = Debug|Any CPU
		{5C27A067-A7A6-4087-A6C7-481F18E26D1A}.Release|Any CPU.ActiveCfg = Release|Any CPU
		{5C27A067-A7A6-4087-A6C7-481F18E26D1A}.Release|Any CPU.Build.0 = Release|Any CPU
		{5C27A067-A7A6-4087-A6C7-481F18E26D1A}.Release|Any CPU.Deploy.0 = Release|Any CPU
		{5C27A067-A7A6-4087-A6C7-481F18E26D1A}.Release|iPhone.ActiveCfg = Release|Any CPU
		{5C27A067-A7A6-4087-A6C7-481F18E26D1A}.Release|iPhone.Build.0 = Release|Any CPU
		{5C27A067-A7A6-4087-A6C7-481F18E26D1A}.Release|iPhone.Deploy.0 = Release|Any CPU
		{5C27A067-A7A6-4087-A6C7-481F18E26D1A}.Release|iPhoneSimulator.ActiveCfg = Release|Any CPU
		{5C27A067-A7A6-4087-A6C7-481F18E26D1A}.Release|iPhoneSimulator.Build.0 = Release|Any CPU
		{5C27A067-A7A6-4087-A6C7-481F18E26D1A}.Release|iPhoneSimulator.Deploy.0 = Release|Any CPU
		{2692C389-60BD-4B61-8FD0-D10CF19D7444}.Debug|Any CPU.ActiveCfg = Debug|iPhoneSimulator
		{2692C389-60BD-4B61-8FD0-D10CF19D7444}.Debug|iPhone.ActiveCfg = Debug|iPhone
		{2692C389-60BD-4B61-8FD0-D10CF19D7444}.Debug|iPhone.Build.0 = Debug|iPhone
		{2692C389-60BD-4B61-8FD0-D10CF19D7444}.Debug|iPhoneSimulator.ActiveCfg = Debug|iPhoneSimulator
		{2692C389-60BD-4B61-8FD0-D10CF19D7444}.Debug|iPhoneSimulator.Build.0 = Debug|iPhoneSimulator
		{2692C389-60BD-4B61-8FD0-D10CF19D7444}.Release|Any CPU.ActiveCfg = Release|iPhoneSimulator
		{2692C389-60BD-4B61-8FD0-D10CF19D7444}.Release|iPhone.ActiveCfg = Release|iPhone
		{2692C389-60BD-4B61-8FD0-D10CF19D7444}.Release|iPhone.Build.0 = Release|iPhone
		{2692C389-60BD-4B61-8FD0-D10CF19D7444}.Release|iPhoneSimulator.ActiveCfg = Release|iPhoneSimulator
		{2692C389-60BD-4B61-8FD0-D10CF19D7444}.Release|iPhoneSimulator.Build.0 = Release|iPhoneSimulator
	EndGlobalSection
	GlobalSection(SolutionProperties) = preSolution
		HideSolutionNode = FALSE
	EndGlobalSection
	GlobalSection(ExtensibilityGlobals) = postSolution
		SolutionGuid = {AB40A9D7-4BAD-4C50-9AB8-5BB836CAA9CD}
	EndGlobalSection
EndGlobal
